{
  "name": "catchmydrift",
  "version": "1.0.0",
  "lockfileVersion": 3,
  "requires": true,
  "packages": {
    "": {
      "name": "catchmydrift",
      "version": "1.0.0",
      "license": "ISC",
      "bin": {
        "catchmydrift": "index.js"
      },
      "engines": {
        "node": ">=22"
      }
    }
  }
}
